{
  "name": "eventfy",
  "version": "0.0.1",
  "lockfileVersion": 1,
  "requires": true,
  "dependencies": {
    "sse-nodejs": {
      "version": "0.1.0",
      "resolved": "https://registry.npmjs.org/sse-nodejs/-/sse-nodejs-0.1.0.tgz",
      "integrity": "sha512-qBjJfdyy1TOzaezMu+5IYorAaSv21lLb9ICtJTMszemjxmayjRAdROjjAgrQsi2Amat9wj4OedYZGwLETsHlNw=="
    },
    "tiny-router": {
      "version": "0.1.5",
      "resolved": "https://registry.npmjs.org/tiny-router/-/tiny-router-0.1.5.tgz",
      "integrity": "sha1-tNxEoYNXTpki8oGNmaBe6RKvfGo="
    }
  }
}
